
Microsoft Visual Studio Solution File, Format Version 12.00
# Visual Studio Version 16
VisualStudioVersion = 16.0.33130.400
MinimumVisualStudioVersion = 10.0.40219.1
Project("{FAE04EC0-301F-11D3-BF4B-00C04F79EFBC}") = "UnderstandingEnums", "UnderstandingEnums.csproj", "{CCE594A2-941B-4DEC-A4FE-6388EA35BCD2}"
EndProject
Global
	GlobalSection(SolutionConfigurationPlatforms) = preSolution
		Debug|Any CPU = Debug|Any CPU
		Release|Any CPU = Release|Any CPU
	EndGlobalSection
	GlobalSection(ProjectConfigurationPlatforms) = postSolution
		{CCE594A2-941B-4DEC-A4FE-6388EA35BCD2}.Debug|Any CPU.ActiveCfg = Debug|Any CPU
		{CCE594A2-941B-4DEC-A4FE-6388EA35BCD2}.Debug|Any CPU.Build.0 = Debug|Any CPU
		{CCE594A2-941B-4DEC-A4FE-6388EA35BCD2}.Release|Any CPU.ActiveCfg = Release|Any CPU
		{CCE594A2-941B-4DEC-A4FE-6388EA35BCD2}.Release|Any CPU.Build.0 = Release|Any CPU
	EndGlobalSection
	GlobalSection(SolutionProperties) = preSolution
		HideSolutionNode = FALSE
	EndGlobalSection
	GlobalSection(ExtensibilityGlobals) = postSolution
		SolutionGuid = {5996224D-0361-46EA-B270-BD9DF92659BC}
	EndGlobalSection
EndGlobal
